// !$*UTF8*$!
{
	archiveVersion = 1;
	classes = {
	};
	objectVersion = 56;
	objects = {

/* Begin PBXBuildFile section */
		BD5E2ADA2A851E340017722D /* aboutMeApp.swift in Sources */ = {isa = PBXBuildFile; fileRef = BD5E2AD92A851E340017722D /* aboutMeApp.swift */; };
		BD5E2ADC2A851E340017722D /* ContentView.swift in Sources */ = {isa = PBXBuildFile; fileRef = BD5E2ADB2A851E340017722D /* ContentView.swift */; };
		BD5E2ADE2A851E360017722D /* Assets.xcassets in Resources */ = {isa = PBXBuildFile; fileRef = BD5E2ADD2A851E360017722D /* Assets.xcassets */; };
		BD5E2AE12A851E360017722D /* Preview Assets.xcassets in Resources */ = {isa = PBXBuildFile; fileRef = BD5E2AE02A851E360017722D /* Preview Assets.xcassets */; };
		BD5E2AEB2A851E360017722D /* aboutMeTests.swift in Sources */ = {isa = PBXBuildFile; fileRef = BD5E2AEA2A851E360017722D /* aboutMeTests.swift */; };
		BD5E2AF52A851E360017722D /* aboutMeUITests.swift in Sources */ = {isa = PBXBuildFile; fileRef = BD5E2AF42A851E360017722D /* aboutMeUITests.swift */; };
		BD5E2AF72A851E360017722D /* aboutMeUITestsLaunchTests.swift in Sources */ = {isa = PBXBuildFile; fileRef = BD5E2AF62A851E360017722D /* aboutMeUITestsLaunchTests.swift */; };
/* End PBXBuildFile section */

/* Begin PBXContainerItemProxy section */
		BD5E2AE72A851E360017722D /* PBXContainerItemProxy */ = {
			isa = PBXContainerItemProxy;
			containerPortal = BD5E2ACE2A851E340017722D /* Project object */;
			proxyType = 1;
			remoteGlobalIDString = BD5E2AD52A851E340017722D;
			remoteInfo = aboutMe;
		};
		BD5E2AF12A851E360017722D /* PBXContainerItemProxy */ = {
			isa = PBXContainerItemProxy;
			containerPortal = BD5E2ACE2A851E340017722D /* Project object */;
			proxyType = 1;
			remoteGlobalIDString = BD5E2AD52A851E340017722D;
			remoteInfo = aboutMe;
		};
/* End PBXContainerItemProxy section */

/* Begin PBXFileReference section */
		BD5E2AD62A851E340017722D /* aboutMe.app */ = {isa = PBXFileReference; explicitFileType = wrapper.application; includeInIndex = 0; path = aboutMe.app; sourceTree = BUILT_PRODUCTS_DIR; };
		BD5E2AD92A851E340017722D /* aboutMeApp.swift */ = {isa = PBXFileReference; lastKnownFileType = sourcecode.swift; path = aboutMeApp.swift; sourceTree = "<group>"; };
		BD5E2ADB2A851E340017722D /* ContentView.swift */ = {isa = PBXFileReference; lastKnownFileType = sourcecode.swift; path = ContentView.swift; sourceTree = "<group>"; };
		BD5E2ADD2A851E360017722D /* Assets.xcassets */ = {isa = PBXFileReference; lastKnownFileType = folder.assetcatalog; path = Assets.xcassets; sourceTree = "<group>"; };
		BD5E2AE02A851E360017722D /* Preview Assets.xcassets */ = {isa = PBXFileReference; lastKnownFileType = folder.assetcatalog; path = "Preview Assets.xcassets"; sourceTree = "<group>"; };
		BD5E2AE62A851E360017722D /* aboutMeTests.xctest */ = {isa = PBXFileReference; explicitFileType = wrapper.cfbundle; includeInIndex = 0; path = aboutMeTests.xctest; sourceTree = BUILT_PRODUCTS_DIR; };
		BD5E2AEA2A851E360017722D /* aboutMeTests.swift */ = {isa = PBXFileReference; lastKnownFileType = sourcecode.swift; path = aboutMeTests.swift; sourceTree = "<group>"; };
		BD5E2AF02A851E360017722D /* aboutMeUITests.xctest */ = {isa = PBXFileReference; explicitFileType = wrapper.cfbundle; includeInIndex = 0; path = aboutMeUITests.xctest; sourceTree = BUILT_PRODUCTS_DIR; };
		BD5E2AF42A851E360017722D /* aboutMeUITests.swift */ = {isa = PBXFileReference; lastKnownFileType = sourcecode.swift; path = aboutMeUITests.swift; sourceTree = "<group>"; };
		BD5E2AF62A851E360017722D /* aboutMeUITestsLaunchTests.swift */ = {isa = PBXFileReference; lastKnownFileType = sourcecode.swift; path = aboutMeUITestsLaunchTests.swift; sourceTree = "<group>"; };
/* End PBXFileReference section */

/* Begin PBXFrameworksBuildPhase section */
		BD5E2AD32A851E340017722D /* Frameworks */ = {
			isa = PBXFrameworksBuildPhase;
			buildActionMask = 2147483647;
			files = (
			);
			runOnlyForDeploymentPostprocessing = 0;
		};
		BD5E2AE32A851E360017722D /* Frameworks */ = {
			isa = PBXFrameworksBuildPhase;
			buildActionMask = 2147483647;
			files = (
			);
			runOnlyForDeploymentPostprocessing = 0;
		};
		BD5E2AED2A851E360017722D /* Frameworks */ = {
			isa = PBXFrameworksBuildPhase;
			buildActionMask = 2147483647;
			files = (
			);
			runOnlyForDeploymentPostprocessing = 0;
		};
/* End PBXFrameworksBuildPhase section */

/* Begin PBXGroup section */
		BD5E2ACD2A851E340017722D = {
			isa = PBXGroup;
			children = (
				BD5E2AD82A851E340017722D /* aboutMe */,
				BD5E2AE92A851E360017722D /* aboutMeTests */,
				BD5E2AF32A851E360017722D /* aboutMeUITests */,
				BD5E2AD72A851E340017722D /* Products */,
			);
			sourceTree = "<group>";
		};
		BD5E2AD72A851E340017722D /* Products */ = {
			isa = PBXGroup;
			children = (
				BD5E2AD62A851E340017722D /* aboutMe.app */,
				BD5E2AE62A851E360017722D /* aboutMeTests.xctest */,
				BD5E2AF02A851E360017722D /* aboutMeUITests.xctest */,
			);
			name = Products;
			sourceTree = "<group>";
		};
		BD5E2AD82A851E340017722D /* aboutMe */ = {
			isa = PBXGroup;
			children = (
				BD5E2AD92A851E340017722D /* aboutMeApp.swift */,
				BD5E2ADB2A851E340017722D /* ContentView.swift */,
				BD5E2ADD2A851E360017722D /* Assets.xcassets */,
				BD5E2ADF2A851E360017722D /* Preview Content */,
			);
			path = aboutMe;
			sourceTree = "<group>";
		};
		BD5E2ADF2A851E360017722D /* Preview Content */ = {
			isa = PBXGroup;
			children = (
				BD5E2AE02A851E360017722D /* Preview Assets.xcassets */,
			);
			path = "Preview Content";
			sourceTree = "<group>";
		};
		BD5E2AE92A851E360017722D /* aboutMeTests */ = {
			isa = PBXGroup;
			children = (
				BD5E2AEA2A851E360017722D /* aboutMeTests.swift */,
			);
			path = aboutMeTests;
			sourceTree = "<group>";
		};
		BD5E2AF32A851E360017722D /* aboutMeUITests */ = {
			isa = PBXGroup;
			children = (
				BD5E2AF42A851E360017722D /* aboutMeUITests.swift */,
				BD5E2AF62A851E360017722D /* aboutMeUITestsLaunchTests.swift */,
			);
			path = aboutMeUITests;
			sourceTree = "<group>";
		};
/* End PBXGroup section */

/* Begin PBXNativeTarget section */
		BD5E2AD52A851E340017722D /* aboutMe */ = {
			isa = PBXNativeTarget;
			buildConfigurationList = BD5E2AFA2A851E360017722D /* Build configuration list for PBXNativeTarget "aboutMe" */;
			buildPhases = (
				BD5E2AD22A851E340017722D /* Sources */,
				BD5E2AD32A851E340017722D /* Frameworks */,
				BD5E2AD42A851E340017722D /* Resources */,
			);
			buildRules = (
			);
			dependencies = (
			);
			name = aboutMe;
			productName = aboutMe;
			productReference = BD5E2AD62A851E340017722D /* aboutMe.app */;
			productType = "com.apple.product-type.application";
		};
		BD5E2AE52A851E360017722D /* aboutMeTests */ = {
			isa = PBXNativeTarget;
			buildConfigurationList = BD5E2AFD2A851E360017722D /* Build configuration list for PBXNativeTarget "aboutMeTests" */;
			buildPhases = (
				BD5E2AE22A851E360017722D /* Sources */,
				BD5E2AE32A851E360017722D /* Frameworks */,
				BD5E2AE42A851E360017722D /* Resources */,
			);
			buildRules = (
			);
			dependencies = (
				BD5E2AE82A851E360017722D /* PBXTargetDependency */,
			);
			name = aboutMeTests;
			productName = aboutMeTests;
			productReference = BD5E2AE62A851E360017722D /* aboutMeTests.xctest */;
			productType = "com.apple.product-type.bundle.unit-test";
		};
		BD5E2AEF2A851E360017722D /* aboutMeUITests */ = {
			isa = PBXNativeTarget;
			buildConfigurationList = BD5E2B002A851E360017722D /* Build configuration list for PBXNativeTarget "aboutMeUITests" */;
			buildPhases = (
				BD5E2AEC2A851E360017722D /* Sources */,
				BD5E2AED2A851E360017722D /* Frameworks */,
				BD5E2AEE2A851E360017722D /* Resources */,
			);
			buildRules = (
			);
			dependencies = (
				BD5E2AF22A851E360017722D /* PBXTargetDependency */,
			);
			name = aboutMeUITests;
			productName = aboutMeUITests;
			productReference = BD5E2AF02A851E360017722D /* aboutMeUITests.xctest */;
			productType = "com.apple.product-type.bundle.ui-testing";
		};
/* End PBXNativeTarget section */

/* Begin PBXProject section */
		BD5E2ACE2A851E340017722D /* Project object */ = {
			isa = PBXProject;
			attributes = {
				BuildIndependentTargetsInParallel = 1;
				LastSwiftUpdateCheck = 1430;
				LastUpgradeCheck = 1430;
				TargetAttributes = {
					BD5E2AD52A851E340017722D = {
						CreatedOnToolsVersion = 14.3.1;
					};
					BD5E2AE52A851E360017722D = {
						CreatedOnToolsVersion = 14.3.1;
						TestTargetID = BD5E2AD52A851E340017722D;
					};
					BD5E2AEF2A851E360017722D = {
						CreatedOnToolsVersion = 14.3.1;
						TestTargetID = BD5E2AD52A851E340017722D;
					};
				};
			};
			buildConfigurationList = BD5E2AD12A851E340017722D /* Build configuration list for PBXProject "aboutMe" */;
			compatibilityVersion = "Xcode 14.0";
			developmentRegion = en;
			hasScannedForEncodings = 0;
			knownRegions = (
				en,
				Base,
			);
			mainGroup = BD5E2ACD2A851E340017722D;
			productRefGroup = BD5E2AD72A851E340017722D /* Products */;
			projectDirPath = "";
			projectRoot = "";
			targets = (
				BD5E2AD52A851E340017722D /* aboutMe */,
				BD5E2AE52A851E360017722D /* aboutMeTests */,
				BD5E2AEF2A851E360017722D /* aboutMeUITests */,
			);
		};
/* End PBXProject section */

/* Begin PBXResourcesBuildPhase section */
		BD5E2AD42A851E340017722D /* Resources */ = {
			isa = PBXResourcesBuildPhase;
			buildActionMask = 2147483647;
			files = (
				BD5E2AE12A851E360017722D /* Preview Assets.xcassets in Resources */,
				BD5E2ADE2A851E360017722D /* Assets.xcassets in Resources */,
			);
			runOnlyForDeploymentPostprocessing = 0;
		};
		BD5E2AE42A851E360017722D /* Resources */ = {
			isa = PBXResourcesBuildPhase;
			buildActionMask = 2147483647;
			files = (
			);
			runOnlyForDeploymentPostprocessing = 0;
		};
		BD5E2AEE2A851E360017722D /* Resources */ = {
			isa = PBXResourcesBuildPhase;
			buildActionMask = 2147483647;
			files = (
			);
			runOnlyForDeploymentPostprocessing = 0;
		};
/* End PBXResourcesBuildPhase section */

/* Begin PBXSourcesBuildPhase section */
		BD5E2AD22A851E340017722D /* Sources */ = {
			isa = PBXSourcesBuildPhase;
			buildActionMask = 2147483647;
			files = (
				BD5E2ADC2A851E340017722D /* ContentView.swift in Sources */,
				BD5E2ADA2A851E340017722D /* aboutMeApp.swift in Sources */,
			);
			runOnlyForDeploymentPostprocessing = 0;
		};
		BD5E2AE22A851E360017722D /* Sources */ = {
			isa = PBXSourcesBuildPhase;
			buildActionMask = 2147483647;
			files = (
				BD5E2AEB2A851E360017722D /* aboutMeTests.swift in Sources */,
			);
			runOnlyForDeploymentPostprocessing = 0;
		};
		BD5E2AEC2A851E360017722D /* Sources */ = {
			isa = PBXSourcesBuildPhase;
			buildActionMask = 2147483647;
			files = (
				BD5E2AF72A851E360017722D /* aboutMeUITestsLaunchTests.swift in Sources */,
				BD5E2AF52A851E360017722D /* aboutMeUITests.swift in Sources */,
			);
			runOnlyForDeploymentPostprocessing = 0;
		};
/* End PBXSourcesBuildPhase section */

/* Begin PBXTargetDependency section */
		BD5E2AE82A851E360017722D /* PBXTargetDependency */ = {
			isa = PBXTargetDependency;
			target = BD5E2AD52A851E340017722D /* aboutMe */;
			targetProxy = BD5E2AE72A851E360017722D /* PBXContainerItemProxy */;
		};
		BD5E2AF22A851E360017722D /* PBXTargetDependency */ = {
			isa = PBXTargetDependency;
			target = BD5E2AD52A851E340017722D /* aboutMe */;
			targetProxy = BD5E2AF12A851E360017722D /* PBXContainerItemProxy */;
		};
/* End PBXTargetDependency section */

/* Begin XCBuildConfiguration section */
		BD5E2AF82A851E360017722D /* Debug */ = {
			isa = XCBuildConfiguration;
			buildSettings = {
				ALWAYS_SEARCH_USER_PATHS = NO;
				CLANG_ANALYZER_NONNULL = YES;
				CLANG_ANALYZER_NUMBER_OBJECT_CONVERSION = YES_AGGRESSIVE;
				CLANG_CXX_LANGUAGE_STANDARD = "gnu++20";
				CLANG_ENABLE_MODULES = YES;
				CLANG_ENABLE_OBJC_ARC = YES;
				CLANG_ENABLE_OBJC_WEAK = YES;
				CLANG_WARN_BLOCK_CAPTURE_AUTORELEASING = YES;
				CLANG_WARN_BOOL_CONVERSION = YES;
				CLANG_WARN_COMMA = YES;
				CLANG_WARN_CONSTANT_CONVERSION = YES;
				CLANG_WARN_DEPRECATED_OBJC_IMPLEMENTATIONS = YES;
				CLANG_WARN_DIRECT_OBJC_ISA_USAGE = YES_ERROR;
				CLANG_WARN_DOCUMENTATION_COMMENTS = YES;
				CLANG_WARN_EMPTY_BODY = YES;
				CLANG_WARN_ENUM_CONVERSION = YES;
				CLANG_WARN_INFINITE_RECURSION = YES;
				CLANG_WARN_INT_CONVERSION = YES;
				CLANG_WARN_NON_LITERAL_NULL_CONVERSION = YES;
				CLANG_WARN_OBJC_IMPLICIT_RETAIN_SELF = YES;
				CLANG_WARN_OBJC_LITERAL_CONVERSION = YES;
				CLANG_WARN_OBJC_ROOT_CLASS = YES_ERROR;
				CLANG_WARN_QUOTED_INCLUDE_IN_FRAMEWORK_HEADER = YES;
				CLANG_WARN_RANGE_LOOP_ANALYSIS = YES;
				CLANG_WARN_STRICT_PROTOTYPES = YES;
				CLANG_WARN_SUSPICIOUS_MOVE = YES;
				CLANG_WARN_UNGUARDED_AVAILABILITY = YES_AGGRESSIVE;
				CLANG_WARN_UNREACHABLE_CODE = YES;
				CLANG_WARN__DUPLICATE_METHOD_MATCH = YES;
				COPY_PHASE_STRIP = NO;
				DEBUG_INFORMATION_FORMAT = dwarf;
				ENABLE_STRICT_OBJC_MSGSEND = YES;
				ENABLE_TESTABILITY = YES;
				GCC_C_LANGUAGE_STANDARD = gnu11;
				GCC_DYNAMIC_NO_PIC = NO;
				GCC_NO_COMMON_BLOCKS = YES;
				GCC_OPTIMIZATION_LEVEL = 0;
				GCC_PREPROCESSOR_DEFINITIONS = (
					"DEBUG=1",
					"$(inherited)",
				);
				GCC_WARN_64_TO_32_BIT_CONVERSION = YES;
				GCC_WARN_ABOUT_RETURN_TYPE = YES_ERROR;
				GCC_WARN_UNDECLARED_SELECTOR = YES;
				GCC_WARN_UNINITIALIZED_AUTOS = YES_AGGRESSIVE;
				GCC_WARN_UNUSED_FUNCTION = YES;
				GCC_WARN_UNUSED_VARIABLE = YES;
				IPHONEOS_DEPLOYMENT_TARGET = 16.4;
				MTL_ENABLE_DEBUG_INFO = INCLUDE_SOURCE;
				MTL_FAST_MATH = YES;
				ONLY_ACTIVE_ARCH = YES;
				SDKROOT = iphoneos;
				SWIFT_ACTIVE_COMPILATION_CONDITIONS = DEBUG;
				SWIFT_OPTIMIZATION_LEVEL = "-Onone";
			};
			name = Debug;
		};
		BD5E2AF92A851E360017722D /* Release */ = {
			isa = XCBuildConfiguration;
			buildSettings = {
				ALWAYS_SEARCH_USER_PATHS = NO;
				CLANG_ANALYZER_NONNULL = YES;
				CLANG_ANALYZER_NUMBER_OBJECT_CONVERSION = YES_AGGRESSIVE;
				CLANG_CXX_LANGUAGE_STANDARD = "gnu++20";
				CLANG_ENABLE_MODULES = YES;
				CLANG_ENABLE_OBJC_ARC = YES;
				CLANG_ENABLE_OBJC_WEAK = YES;
				CLANG_WARN_BLOCK_CAPTURE_AUTORELEASING = YES;
				CLANG_WARN_BOOL_CONVERSION = YES;
				CLANG_WARN_COMMA = YES;
				CLANG_WARN_CONSTANT_CONVERSION = YES;
				CLANG_WARN_DEPRECATED_OBJC_IMPLEMENTATIONS = YES;
				CLANG_WARN_DIRECT_OBJC_ISA_USAGE = YES_ERROR;
				CLANG_WARN_DOCUMENTATION_COMMENTS = YES;
				CLANG_WARN_EMPTY_BODY = YES;
				CLANG_WARN_ENUM_CONVERSION = YES;
				CLANG_WARN_INFINITE_RECURSION = YES;
				CLANG_WARN_INT_CONVERSION = YES;
				CLANG_WARN_NON_LITERAL_NULL_CONVERSION = YES;
				CLANG_WARN_OBJC_IMPLICIT_RETAIN_SELF = YES;
				CLANG_WARN_OBJC_LITERAL_CONVERSION = YES;
				CLANG_WARN_OBJC_ROOT_CLASS = YES_ERROR;
				CLANG_WARN_QUOTED_INCLUDE_IN_FRAMEWORK_HEADER = YES;
				CLANG_WARN_RANGE_LOOP_ANALYSIS = YES;
				CLANG_WARN_STRICT_PROTOTYPES = YES;
				CLANG_WARN_SUSPICIOUS_MOVE = YES;
				CLANG_WARN_UNGUARDED_AVAILABILITY = YES_AGGRESSIVE;
				CLANG_WARN_UNREACHABLE_CODE = YES;
				CLANG_WARN__DUPLICATE_METHOD_MATCH = YES;
				COPY_PHASE_STRIP = NO;
				DEBUG_INFORMATION_FORMAT = "dwarf-with-dsym";
				ENABLE_NS_ASSERTIONS = NO;
				ENABLE_STRICT_OBJC_MSGSEND = YES;
				GCC_C_LANGUAGE_STANDARD = gnu11;
				GCC_NO_COMMON_BLOCKS = YES;
				GCC_WARN_64_TO_32_BIT_CONVERSION = YES;
				GCC_WARN_ABOUT_RETURN_TYPE = YES_ERROR;
				GCC_WARN_UNDECLARED_SELECTOR = YES;
				GCC_WARN_UNINITIALIZED_AUTOS = YES_AGGRESSIVE;
				GCC_WARN_UNUSED_FUNCTION = YES;
				GCC_WARN_UNUSED_VARIABLE = YES;
				IPHONEOS_DEPLOYMENT_TARGET = 16.4;
				MTL_ENABLE_DEBUG_INFO = NO;
				MTL_FAST_MATH = YES;
				SDKROOT = iphoneos;
				SWIFT_COMPILATION_MODE = wholemodule;
				SWIFT_OPTIMIZATION_LEVEL = "-O";
				VALIDATE_PRODUCT = YES;
			};
			name = Release;
		};
		BD5E2AFB2A851E360017722D /* Debug */ = {
			isa = XCBuildConfiguration;
			buildSettings = {
				ASSETCATALOG_COMPILER_APPICON_NAME = AppIcon;
				ASSETCATALOG_COMPILER_GLOBAL_ACCENT_COLOR_NAME = AccentColor;
				CODE_SIGN_STYLE = Automatic;
				CURRENT_PROJECT_VERSION = 1;
				DEVELOPMENT_ASSET_PATHS = "\"aboutMe/Preview Content\"";
				ENABLE_PREVIEWS = YES;
				GENERATE_INFOPLIST_FILE = YES;
				INFOPLIST_KEY_UIApplicationSceneManifest_Generation = YES;
				INFOPLIST_KEY_UIApplicationSupportsIndirectInputEvents = YES;
				INFOPLIST_KEY_UILaunchScreen_Generation = YES;
				INFOPLIST_KEY_UISupportedInterfaceOrientations_iPad = "UIInterfaceOrientationPortrait UIInterfaceOrientationPortraitUpsideDown UIInterfaceOrientationLandscapeLeft UIInterfaceOrientationLandscapeRight";
				INFOPLIST_KEY_UISupportedInterfaceOrientations_iPhone = "UIInterfaceOrientationPortrait UIInterfaceOrientationLandscapeLeft UIInterfaceOrientationLandscapeRight";
				LD_RUNPATH_SEARCH_PATHS = (
					"$(inherited)",
					"@executable_path/Frameworks",
				);
				MARKETING_VERSION = 1.0;
				PRODUCT_BUNDLE_IDENTIFIER = "Kode-with-Klossy.aboutMe";
				PRODUCT_NAME = "$(TARGET_NAME)";
				SWIFT_EMIT_LOC_STRINGS = YES;
				SWIFT_VERSION = 5.0;
				TARGETED_DEVICE_FAMILY = "1,2";
			};
			name = Debug;
		};
		BD5E2AFC2A851E360017722D /* Release */ = {
			isa = XCBuildConfiguration;
			buildSettings = {
				ASSETCATALOG_COMPILER_APPICON_NAME = AppIcon;
				ASSETCATALOG_COMPILER_GLOBAL_ACCENT_COLOR_NAME = AccentColor;
				CODE_SIGN_STYLE = Automatic;
				CURRENT_PROJECT_VERSION = 1;
				DEVELOPMENT_ASSET_PATHS = "\"aboutMe/Preview Content\"";
				ENABLE_PREVIEWS = YES;
				GENERATE_INFOPLIST_FILE = YES;
				INFOPLIST_KEY_UIApplicationSceneManifest_Generation = YES;
				INFOPLIST_KEY_UIApplicationSupportsIndirectInputEvents = YES;
				INFOPLIST_KEY_UILaunchScreen_Generation = YES;
				INFOPLIST_KEY_UISupportedInterfaceOrientations_iPad = "UIInterfaceOrientationPortrait UIInterfaceOrientationPortraitUpsideDown UIInterfaceOrientationLandscapeLeft UIInterfaceOrientationLandscapeRight";
				INFOPLIST_KEY_UISupportedInterfaceOrientations_iPhone = "UIInterfaceOrientationPortrait UIInterfaceOrientationLandscapeLeft UIInterfaceOrientationLandscapeRight";
				LD_RUNPATH_SEARCH_PATHS = (
					"$(inherited)",
					"@executable_path/Frameworks",
				);
				MARKETING_VERSION = 1.0;
				PRODUCT_BUNDLE_IDENTIFIER = "Kode-with-Klossy.aboutMe";
				PRODUCT_NAME = "$(TARGET_NAME)";
				SWIFT_EMIT_LOC_STRINGS = YES;
				SWIFT_VERSION = 5.0;
				TARGETED_DEVICE_FAMILY = "1,2";
			};
			name = Release;
		};
		BD5E2AFE2A851E360017722D /* Debug */ = {
			isa = XCBuildConfiguration;
			buildSettings = {
				ALWAYS_EMBED_SWIFT_STANDARD_LIBRARIES = YES;
				BUNDLE_LOADER = "$(TEST_HOST)";
				CODE_SIGN_STYLE = Automatic;
				CURRENT_PROJECT_VERSION = 1;
				GENERATE_INFOPLIST_FILE = YES;
				IPHONEOS_DEPLOYMENT_TARGET = 16.4;
				MARKETING_VERSION = 1.0;
				PRODUCT_BUNDLE_IDENTIFIER = "Kode-with-Klossy.aboutMeTests";
				PRODUCT_NAME = "$(TARGET_NAME)";
				SWIFT_EMIT_LOC_STRINGS = NO;
				SWIFT_VERSION = 5.0;
				TARGETED_DEVICE_FAMILY = "1,2";
				TEST_HOST = "$(BUILT_PRODUCTS_DIR)/aboutMe.app/$(BUNDLE_EXECUTABLE_FOLDER_PATH)/aboutMe";
			};
			name = Debug;
		};
		BD5E2AFF2A851E360017722D /* Release */ = {
			isa = XCBuildConfiguration;
			buildSettings = {
				ALWAYS_EMBED_SWIFT_STANDARD_LIBRARIES = YES;
				BUNDLE_LOADER = "$(TEST_HOST)";
				CODE_SIGN_STYLE = Automatic;
				CURRENT_PROJECT_VERSION = 1;
				GENERATE_INFOPLIST_FILE = YES;
				IPHONEOS_DEPLOYMENT_TARGET = 16.4;
				MARKETING_VERSION = 1.0;
				PRODUCT_BUNDLE_IDENTIFIER = "Kode-with-Klossy.aboutMeTests";
				PRODUCT_NAME = "$(TARGET_NAME)";
				SWIFT_EMIT_LOC_STRINGS = NO;
				SWIFT_VERSION = 5.0;
				TARGETED_DEVICE_FAMILY = "1,2";
				TEST_HOST = "$(BUILT_PRODUCTS_DIR)/aboutMe.app/$(BUNDLE_EXECUTABLE_FOLDER_PATH)/aboutMe";
			};
			name = Release;
		};
		BD5E2B012A851E360017722D /* Debug */ = {
			isa = XCBuildConfiguration;
			buildSettings = {
				ALWAYS_EMBED_SWIFT_STANDARD_LIBRARIES = YES;
				CODE_SIGN_STYLE = Automatic;
				CURRENT_PROJECT_VERSION = 1;
				GENERATE_INFOPLIST_FILE = YES;
				MARKETING_VERSION = 1.0;
				PRODUCT_BUNDLE_IDENTIFIER = "Kode-with-Klossy.aboutMeUITests";
				PRODUCT_NAME = "$(TARGET_NAME)";
				SWIFT_EMIT_LOC_STRINGS = NO;
				SWIFT_VERSION = 5.0;
				TARGETED_DEVICE_FAMILY = "1,2";
				TEST_TARGET_NAME = aboutMe;
			};
			name = Debug;
		};
		BD5E2B022A851E360017722D /* Release */ = {
			isa = XCBuildConfiguration;
			buildSettings = {
				ALWAYS_EMBED_SWIFT_STANDARD_LIBRARIES = YES;
				CODE_SIGN_STYLE = Automatic;
				CURRENT_PROJECT_VERSION = 1;
				GENERATE_INFOPLIST_FILE = YES;
				MARKETING_VERSION = 1.0;
				PRODUCT_BUNDLE_IDENTIFIER = "Kode-with-Klossy.aboutMeUITests";
				PRODUCT_NAME = "$(TARGET_NAME)";
				SWIFT_EMIT_LOC_STRINGS = NO;
				SWIFT_VERSION = 5.0;
				TARGETED_DEVICE_FAMILY = "1,2";
				TEST_TARGET_NAME = aboutMe;
			};
			name = Release;
		};
/* End XCBuildConfiguration section */

/* Begin XCConfigurationList section */
		BD5E2AD12A851E340017722D /* Build configuration list for PBXProject "aboutMe" */ = {
			isa = XCConfigurationList;
			buildConfigurations = (
				BD5E2AF82A851E360017722D /* Debug */,
				BD5E2AF92A851E360017722D /* Release */,
			);
			defaultConfigurationIsVisible = 0;
			defaultConfigurationName = Release;
		};
		BD5E2AFA2A851E360017722D /* Build configuration list for PBXNativeTarget "aboutMe" */ = {
			isa = XCConfigurationList;
			buildConfigurations = (
				BD5E2AFB2A851E360017722D /* Debug */,
				BD5E2AFC2A851E360017722D /* Release */,
			);
			defaultConfigurationIsVisible = 0;
			defaultConfigurationName = Release;
		};
		BD5E2AFD2A851E360017722D /* Build configuration list for PBXNativeTarget "aboutMeTests" */ = {
			isa = XCConfigurationList;
			buildConfigurations = (
				BD5E2AFE2A851E360017722D /* Debug */,
				BD5E2AFF2A851E360017722D /* Release */,
			);
			defaultConfigurationIsVisible = 0;
			defaultConfigurationName = Release;
		};
		BD5E2B002A851E360017722D /* Build configuration list for PBXNativeTarget "aboutMeUITests" */ = {
			isa = XCConfigurationList;
			buildConfigurations = (
				BD5E2B012A851E360017722D /* Debug */,
				BD5E2B022A851E360017722D /* Release */,
			);
			defaultConfigurationIsVisible = 0;
			defaultConfigurationName = Release;
		};
/* End XCConfigurationList section */
	};
	rootObject = BD5E2ACE2A851E340017722D /* Project object */;
}
